// !$*UTF8*$!
{
	archiveVersion = 1;
	classes = {
	};
	objectVersion = 46;
	objects = {

/* Begin PBXBuildFile section */
		0359E0CD1D7649D200AE2862 /* AppDelegate.swift in Sources */ = {isa = PBXBuildFile; fileRef = 0359E0CC1D7649D200AE2862 /* AppDelegate.swift */; };
		0359E0CF1D7649D200AE2862 /* ViewController.swift in Sources */ = {isa = PBXBuildFile; fileRef = 0359E0CE1D7649D200AE2862 /* ViewController.swift */; };
		0359E0D21D7649D200AE2862 /* Main.storyboard in Resources */ = {isa = PBXBuildFile; fileRef = 0359E0D01D7649D200AE2862 /* Main.storyboard */; };
		0359E0D41D7649D200AE2862 /* Assets.xcassets in Resources */ = {isa = PBXBuildFile; fileRef = 0359E0D31D7649D200AE2862 /* Assets.xcassets */; };
		0359E0D71D7649D200AE2862 /* LaunchScreen.storyboard in Resources */ = {isa = PBXBuildFile; fileRef = 0359E0D51D7649D200AE2862 /* LaunchScreen.storyboard */; };
		0359E0E21D7649D200AE2862 /* TeachBayTests.swift in Sources */ = {isa = PBXBuildFile; fileRef = 0359E0E11D7649D200AE2862 /* TeachBayTests.swift */; };
		0359E0ED1D7649D200AE2862 /* TeachBayUITests.swift in Sources */ = {isa = PBXBuildFile; fileRef = 0359E0EC1D7649D200AE2862 /* TeachBayUITests.swift */; };
/* End PBXBuildFile section */

/* Begin PBXContainerItemProxy section */
		0359E0DE1D7649D200AE2862 /* PBXContainerItemProxy */ = {
			isa = PBXContainerItemProxy;
			containerPortal = 0359E0C11D7649D200AE2862 /* Project object */;
			proxyType = 1;
			remoteGlobalIDString = 0359E0C81D7649D200AE2862;
			remoteInfo = TeachBay;
		};
		0359E0E91D7649D200AE2862 /* PBXContainerItemProxy */ = {
			isa = PBXContainerItemProxy;
			containerPortal = 0359E0C11D7649D200AE2862 /* Project object */;
			proxyType = 1;
			remoteGlobalIDString = 0359E0C81D7649D200AE2862;
			remoteInfo = TeachBay;
		};
/* End PBXContainerItemProxy section */

/* Begin PBXFileReference section */
		0359E0C91D7649D200AE2862 /* TeachBay.app */ = {isa = PBXFileReference; explicitFileType = wrapper.application; includeInIndex = 0; path = TeachBay.app; sourceTree = BUILT_PRODUCTS_DIR; };
		0359E0CC1D7649D200AE2862 /* AppDelegate.swift */ = {isa = PBXFileReference; lastKnownFileType = sourcecode.swift; path = AppDelegate.swift; sourceTree = "<group>"; };
		0359E0CE1D7649D200AE2862 /* ViewController.swift */ = {isa = PBXFileReference; lastKnownFileType = sourcecode.swift; path = ViewController.swift; sourceTree = "<group>"; };
		0359E0D11D7649D200AE2862 /* Base */ = {isa = PBXFileReference; lastKnownFileType = file.storyboard; name = Base; path = Base.lproj/Main.storyboard; sourceTree = "<group>"; };
		0359E0D31D7649D200AE2862 /* Assets.xcassets */ = {isa = PBXFileReference; lastKnownFileType = folder.assetcatalog; path = Assets.xcassets; sourceTree = "<group>"; };
		0359E0D61D7649D200AE2862 /* Base */ = {isa = PBXFileReference; lastKnownFileType = file.storyboard; name = Base; path = Base.lproj/LaunchScreen.storyboard; sourceTree = "<group>"; };
		0359E0D81D7649D200AE2862 /* Info.plist */ = {isa = PBXFileReference; lastKnownFileType = text.plist.xml; path = Info.plist; sourceTree = "<group>"; };
		0359E0DD1D7649D200AE2862 /* TeachBayTests.xctest */ = {isa = PBXFileReference; explicitFileType = wrapper.cfbundle; includeInIndex = 0; path = TeachBayTests.xctest; sourceTree = BUILT_PRODUCTS_DIR; };
		0359E0E11D7649D200AE2862 /* TeachBayTests.swift */ = {isa = PBXFileReference; lastKnownFileType = sourcecode.swift; path = TeachBayTests.swift; sourceTree = "<group>"; };
		0359E0E31D7649D200AE2862 /* Info.plist */ = {isa = PBXFileReference; lastKnownFileType = text.plist.xml; path = Info.plist; sourceTree = "<group>"; };
		0359E0E81D7649D200AE2862 /* TeachBayUITests.xctest */ = {isa = PBXFileReference; explicitFileType = wrapper.cfbundle; includeInIndex = 0; path = TeachBayUITests.xctest; sourceTree = BUILT_PRODUCTS_DIR; };
		0359E0EC1D7649D200AE2862 /* TeachBayUITests.swift */ = {isa = PBXFileReference; lastKnownFileType = sourcecode.swift; path = TeachBayUITests.swift; sourceTree = "<group>"; };
		0359E0EE1D7649D200AE2862 /* Info.plist */ = {isa = PBXFileReference; lastKnownFileType = text.plist.xml; path = Info.plist; sourceTree = "<group>"; };
/* End PBXFileReference section */

/* Begin PBXFrameworksBuildPhase section */
		0359E0C61D7649D200AE2862 /* Frameworks */ = {
			isa = PBXFrameworksBuildPhase;
			buildActionMask = 2147483647;
			files = (
			);
			runOnlyForDeploymentPostprocessing = 0;
		};
		0359E0DA1D7649D200AE2862 /* Frameworks */ = {
			isa = PBXFrameworksBuildPhase;
			buildActionMask = 2147483647;
			files = (
			);
			runOnlyForDeploymentPostprocessing = 0;
		};
		0359E0E51D7649D200AE2862 /* Frameworks */ = {
			isa = PBXFrameworksBuildPhase;
			buildActionMask = 2147483647;
			files = (
			);
			runOnlyForDeploymentPostprocessing = 0;
		};
/* End PBXFrameworksBuildPhase section */

/* Begin PBXGroup section */
		0359E0C01D7649D200AE2862 = {
			isa = PBXGroup;
			children = (
				0359E0CB1D7649D200AE2862 /* TeachBay */,
				0359E0E01D7649D200AE2862 /* TeachBayTests */,
				0359E0EB1D7649D200AE2862 /* TeachBayUITests */,
				0359E0CA1D7649D200AE2862 /* Products */,
			);
			sourceTree = "<group>";
		};
		0359E0CA1D7649D200AE2862 /* Products */ = {
			isa = PBXGroup;
			children = (
				0359E0C91D7649D200AE2862 /* TeachBay.app */,
				0359E0DD1D7649D200AE2862 /* TeachBayTests.xctest */,
				0359E0E81D7649D200AE2862 /* TeachBayUITests.xctest */,
			);
			name = Products;
			sourceTree = "<group>";
		};
		0359E0CB1D7649D200AE2862 /* TeachBay */ = {
			isa = PBXGroup;
			children = (
				0359E0CC1D7649D200AE2862 /* AppDelegate.swift */,
				0359E0CE1D7649D200AE2862 /* ViewController.swift */,
				0359E0D01D7649D200AE2862 /* Main.storyboard */,
				0359E0D31D7649D200AE2862 /* Assets.xcassets */,
				0359E0D51D7649D200AE2862 /* LaunchScreen.storyboard */,
				0359E0D81D7649D200AE2862 /* Info.plist */,
			);
			path = TeachBay;
			sourceTree = "<group>";
		};
		0359E0E01D7649D200AE2862 /* TeachBayTests */ = {
			isa = PBXGroup;
			children = (
				0359E0E11D7649D200AE2862 /* TeachBayTests.swift */,
				0359E0E31D7649D200AE2862 /* Info.plist */,
			);
			path = TeachBayTests;
			sourceTree = "<group>";
		};
		0359E0EB1D7649D200AE2862 /* TeachBayUITests */ = {
			isa = PBXGroup;
			children = (
				0359E0EC1D7649D200AE2862 /* TeachBayUITests.swift */,
				0359E0EE1D7649D200AE2862 /* Info.plist */,
			);
			path = TeachBayUITests;
			sourceTree = "<group>";
		};
/* End PBXGroup section */

/* Begin PBXNativeTarget section */
		0359E0C81D7649D200AE2862 /* TeachBay */ = {
			isa = PBXNativeTarget;
			buildConfigurationList = 0359E0F11D7649D200AE2862 /* Build configuration list for PBXNativeTarget "TeachBay" */;
			buildPhases = (
				0359E0C51D7649D200AE2862 /* Sources */,
				0359E0C61D7649D200AE2862 /* Frameworks */,
				0359E0C71D7649D200AE2862 /* Resources */,
			);
			buildRules = (
			);
			dependencies = (
			);
			name = TeachBay;
			productName = TeachBay;
			productReference = 0359E0C91D7649D200AE2862 /* TeachBay.app */;
			productType = "com.apple.product-type.application";
		};
		0359E0DC1D7649D200AE2862 /* TeachBayTests */ = {
			isa = PBXNativeTarget;
			buildConfigurationList = 0359E0F41D7649D200AE2862 /* Build configuration list for PBXNativeTarget "TeachBayTests" */;
			buildPhases = (
				0359E0D91D7649D200AE2862 /* Sources */,
				0359E0DA1D7649D200AE2862 /* Frameworks */,
				0359E0DB1D7649D200AE2862 /* Resources */,
			);
			buildRules = (
			);
			dependencies = (
				0359E0DF1D7649D200AE2862 /* PBXTargetDependency */,
			);
			name = TeachBayTests;
			productName = TeachBayTests;
			productReference = 0359E0DD1D7649D200AE2862 /* TeachBayTests.xctest */;
			productType = "com.apple.product-type.bundle.unit-test";
		};
		0359E0E71D7649D200AE2862 /* TeachBayUITests */ = {
			isa = PBXNativeTarget;
			buildConfigurationList = 0359E0F71D7649D200AE2862 /* Build configuration list for PBXNativeTarget "TeachBayUITests" */;
			buildPhases = (
				0359E0E41D7649D200AE2862 /* Sources */,
				0359E0E51D7649D200AE2862 /* Frameworks */,
				0359E0E61D7649D200AE2862 /* Resources */,
			);
			buildRules = (
			);
			dependencies = (
				0359E0EA1D7649D200AE2862 /* PBXTargetDependency */,
			);
			name = TeachBayUITests;
			productName = TeachBayUITests;
			productReference = 0359E0E81D7649D200AE2862 /* TeachBayUITests.xctest */;
			productType = "com.apple.product-type.bundle.ui-testing";
		};
/* End PBXNativeTarget section */

/* Begin PBXProject section */
		0359E0C11D7649D200AE2862 /* Project object */ = {
			isa = PBXProject;
			attributes = {
				LastSwiftUpdateCheck = 0730;
				LastUpgradeCheck = 0730;
				ORGANIZATIONNAME = "Kasey Baughan";
				TargetAttributes = {
					0359E0C81D7649D200AE2862 = {
						CreatedOnToolsVersion = 7.3.1;
					};
					0359E0DC1D7649D200AE2862 = {
						CreatedOnToolsVersion = 7.3.1;
						TestTargetID = 0359E0C81D7649D200AE2862;
					};
					0359E0E71D7649D200AE2862 = {
						CreatedOnToolsVersion = 7.3.1;
						TestTargetID = 0359E0C81D7649D200AE2862;
					};
				};
			};
			buildConfigurationList = 0359E0C41D7649D200AE2862 /* Build configuration list for PBXProject "TeachBay" */;
			compatibilityVersion = "Xcode 3.2";
			developmentRegion = English;
			hasScannedForEncodings = 0;
			knownRegions = (
				en,
				Base,
			);
			mainGroup = 0359E0C01D7649D200AE2862;
			productRefGroup = 0359E0CA1D7649D200AE2862 /* Products */;
			projectDirPath = "";
			projectRoot = "";
			targets = (
				0359E0C81D7649D200AE2862 /* TeachBay */,
				0359E0DC1D7649D200AE2862 /* TeachBayTests */,
				0359E0E71D7649D200AE2862 /* TeachBayUITests */,
			);
		};
/* End PBXProject section */

/* Begin PBXResourcesBuildPhase section */
		0359E0C71D7649D200AE2862 /* Resources */ = {
			isa = PBXResourcesBuildPhase;
			buildActionMask = 2147483647;
			files = (
				0359E0D71D7649D200AE2862 /* LaunchScreen.storyboard in Resources */,
				0359E0D41D7649D200AE2862 /* Assets.xcassets in Resources */,
				0359E0D21D7649D200AE2862 /* Main.storyboard in Resources */,
			);
			runOnlyForDeploymentPostprocessing = 0;
		};
		0359E0DB1D7649D200AE2862 /* Resources */ = {
			isa = PBXResourcesBuildPhase;
			buildActionMask = 2147483647;
			files = (
			);
			runOnlyForDeploymentPostprocessing = 0;
		};
		0359E0E61D7649D200AE2862 /* Resources */ = {
			isa = PBXResourcesBuildPhase;
			buildActionMask = 2147483647;
			files = (
			);
			runOnlyForDeploymentPostprocessing = 0;
		};
/* End PBXResourcesBuildPhase section */

/* Begin PBXSourcesBuildPhase section */
		0359E0C51D7649D200AE2862 /* Sources */ = {
			isa = PBXSourcesBuildPhase;
			buildActionMask = 2147483647;
			files = (
				0359E0CF1D7649D200AE2862 /* ViewController.swift in Sources */,
				0359E0CD1D7649D200AE2862 /* AppDelegate.swift in Sources */,
			);
			runOnlyForDeploymentPostprocessing = 0;
		};
		0359E0D91D7649D200AE2862 /* Sources */ = {
			isa = PBXSourcesBuildPhase;
			buildActionMask = 2147483647;
			files = (
				0359E0E21D7649D200AE2862 /* TeachBayTests.swift in Sources */,
			);
			runOnlyForDeploymentPostprocessing = 0;
		};
		0359E0E41D7649D200AE2862 /* Sources */ = {
			isa = PBXSourcesBuildPhase;
			buildActionMask = 2147483647;
			files = (
				0359E0ED1D7649D200AE2862 /* TeachBayUITests.swift in Sources */,
			);
			runOnlyForDeploymentPostprocessing = 0;
		};
/* End PBXSourcesBuildPhase section */

/* Begin PBXTargetDependency section */
		0359E0DF1D7649D200AE2862 /* PBXTargetDependency */ = {
			isa = PBXTargetDependency;
			target = 0359E0C81D7649D200AE2862 /* TeachBay */;
			targetProxy = 0359E0DE1D7649D200AE2862 /* PBXContainerItemProxy */;
		};
		0359E0EA1D7649D200AE2862 /* PBXTargetDependency */ = {
			isa = PBXTargetDependency;
			target = 0359E0C81D7649D200AE2862 /* TeachBay */;
			targetProxy = 0359E0E91D7649D200AE2862 /* PBXContainerItemProxy */;
		};
/* End PBXTargetDependency section */

/* Begin PBXVariantGroup section */
		0359E0D01D7649D200AE2862 /* Main.storyboard */ = {
			isa = PBXVariantGroup;
			children = (
				0359E0D11D7649D200AE2862 /* Base */,
			);
			name = Main.storyboard;
			sourceTree = "<group>";
		};
		0359E0D51D7649D200AE2862 /* LaunchScreen.storyboard */ = {
			isa = PBXVariantGroup;
			children = (
				0359E0D61D7649D200AE2862 /* Base */,
			);
			name = LaunchScreen.storyboard;
			sourceTree = "<group>";
		};
/* End PBXVariantGroup section */

/* Begin XCBuildConfiguration section */
		0359E0EF1D7649D200AE2862 /* Debug */ = {
			isa = XCBuildConfiguration;
			buildSettings = {
				ALWAYS_SEARCH_USER_PATHS = NO;
				CLANG_ANALYZER_NONNULL = YES;
				CLANG_CXX_LANGUAGE_STANDARD = "gnu++0x";
				CLANG_CXX_LIBRARY = "libc++";
				CLANG_ENABLE_MODULES = YES;
				CLANG_ENABLE_OBJC_ARC = YES;
				CLANG_WARN_BOOL_CONVERSION = YES;
				CLANG_WARN_CONSTANT_CONVERSION = YES;
				CLANG_WARN_DIRECT_OBJC_ISA_USAGE = YES_ERROR;
				CLANG_WARN_EMPTY_BODY = YES;
				CLANG_WARN_ENUM_CONVERSION = YES;
				CLANG_WARN_INT_CONVERSION = YES;
				CLANG_WARN_OBJC_ROOT_CLASS = YES_ERROR;
				CLANG_WARN_UNREACHABLE_CODE = YES;
				CLANG_WARN__DUPLICATE_METHOD_MATCH = YES;
				"CODE_SIGN_IDENTITY[sdk=iphoneos*]" = "iPhone Developer";
				COPY_PHASE_STRIP = NO;
				DEBUG_INFORMATION_FORMAT = dwarf;
				ENABLE_STRICT_OBJC_MSGSEND = YES;
				ENABLE_TESTABILITY = YES;
				GCC_C_LANGUAGE_STANDARD = gnu99;
				GCC_DYNAMIC_NO_PIC = NO;
				GCC_NO_COMMON_BLOCKS = YES;
				GCC_OPTIMIZATION_LEVEL = 0;
				GCC_PREPROCESSOR_DEFINITIONS = (
					"DEBUG=1",
					"$(inherited)",
				);
				GCC_WARN_64_TO_32_BIT_CONVERSION = YES;
				GCC_WARN_ABOUT_RETURN_TYPE = YES_ERROR;
				GCC_WARN_UNDECLARED_SELECTOR = YES;
				GCC_WARN_UNINITIALIZED_AUTOS = YES_AGGRESSIVE;
				GCC_WARN_UNUSED_FUNCTION = YES;
				GCC_WARN_UNUSED_VARIABLE = YES;
				IPHONEOS_DEPLOYMENT_TARGET = 9.3;
				MTL_ENABLE_DEBUG_INFO = YES;
				ONLY_ACTIVE_ARCH = YES;
				SDKROOT = iphoneos;
				SWIFT_OPTIMIZATION_LEVEL = "-Onone";
			};
			name = Debug;
		};
		0359E0F01D7649D200AE2862 /* Release */ = {
			isa = XCBuildConfiguration;
			buildSettings = {
				ALWAYS_SEARCH_USER_PATHS = NO;
				CLANG_ANALYZER_NONNULL = YES;
				CLANG_CXX_LANGUAGE_STANDARD = "gnu++0x";
				CLANG_CXX_LIBRARY = "libc++";
				CLANG_ENABLE_MODULES = YES;
				CLANG_ENABLE_OBJC_ARC = YES;
				CLANG_WARN_BOOL_CONVERSION = YES;
				CLANG_WARN_CONSTANT_CONVERSION = YES;
				CLANG_WARN_DIRECT_OBJC_ISA_USAGE = YES_ERROR;
				CLANG_WARN_EMPTY_BODY = YES;
				CLANG_WARN_ENUM_CONVERSION = YES;
				CLANG_WARN_INT_CONVERSION = YES;
				CLANG_WARN_OBJC_ROOT_CLASS = YES_ERROR;
				CLANG_WARN_UNREACHABLE_CODE = YES;
				CLANG_WARN__DUPLICATE_METHOD_MATCH = YES;
				"CODE_SIGN_IDENTITY[sdk=iphoneos*]" = "iPhone Developer";
				COPY_PHASE_STRIP = NO;
				DEBUG_INFORMATION_FORMAT = "dwarf-with-dsym";
				ENABLE_NS_ASSERTIONS = NO;
				ENABLE_STRICT_OBJC_MSGSEND = YES;
				GCC_C_LANGUAGE_STANDARD = gnu99;
				GCC_NO_COMMON_BLOCKS = YES;
				GCC_WARN_64_TO_32_BIT_CONVERSION = YES;
				GCC_WARN_ABOUT_RETURN_TYPE = YES_ERROR;
				GCC_WARN_UNDECLARED_SELECTOR = YES;
				GCC_WARN_UNINITIALIZED_AUTOS = YES_AGGRESSIVE;
				GCC_WARN_UNUSED_FUNCTION = YES;
				GCC_WARN_UNUSED_VARIABLE = YES;
				IPHONEOS_DEPLOYMENT_TARGET = 9.3;
				MTL_ENABLE_DEBUG_INFO = NO;
				SDKROOT = iphoneos;
				VALIDATE_PRODUCT = YES;
			};
			name = Release;
		};
		0359E0F21D7649D200AE2862 /* Debug */ = {
			isa = XCBuildConfiguration;
			buildSettings = {
				ASSETCATALOG_COMPILER_APPICON_NAME = AppIcon;
				INFOPLIST_FILE = TeachBay/Info.plist;
				LD_RUNPATH_SEARCH_PATHS = "$(inherited) @executable_path/Frameworks";
				PRODUCT_BUNDLE_IDENTIFIER = com.kaseybaughan.TeachBay;
				PRODUCT_NAME = "$(TARGET_NAME)";
			};
			name = Debug;
		};
		0359E0F31D7649D200AE2862 /* Release */ = {
			isa = XCBuildConfiguration;
			buildSettings = {
				ASSETCATALOG_COMPILER_APPICON_NAME = AppIcon;
				INFOPLIST_FILE = TeachBay/Info.plist;
				LD_RUNPATH_SEARCH_PATHS = "$(inherited) @executable_path/Frameworks";
				PRODUCT_BUNDLE_IDENTIFIER = com.kaseybaughan.TeachBay;
				PRODUCT_NAME = "$(TARGET_NAME)";
			};
			name = Release;
		};
		0359E0F51D7649D200AE2862 /* Debug */ = {
			isa = XCBuildConfiguration;
			buildSettings = {
				BUNDLE_LOADER = "$(TEST_HOST)";
				INFOPLIST_FILE = TeachBayTests/Info.plist;
				LD_RUNPATH_SEARCH_PATHS = "$(inherited) @executable_path/Frameworks @loader_path/Frameworks";
				PRODUCT_BUNDLE_IDENTIFIER = com.kaseybaughan.TeachBayTests;
				PRODUCT_NAME = "$(TARGET_NAME)";
				TEST_HOST = "$(BUILT_PRODUCTS_DIR)/TeachBay.app/TeachBay";
			};
			name = Debug;
		};
		0359E0F61D7649D200AE2862 /* Release */ = {
			isa = XCBuildConfiguration;
			buildSettings = {
				BUNDLE_LOADER = "$(TEST_HOST)";
				INFOPLIST_FILE = TeachBayTests/Info.plist;
				LD_RUNPATH_SEARCH_PATHS = "$(inherited) @executable_path/Frameworks @loader_path/Frameworks";
				PRODUCT_BUNDLE_IDENTIFIER = com.kaseybaughan.TeachBayTests;
				PRODUCT_NAME = "$(TARGET_NAME)";
				TEST_HOST = "$(BUILT_PRODUCTS_DIR)/TeachBay.app/TeachBay";
			};
			name = Release;
		};
		0359E0F81D7649D200AE2862 /* Debug */ = {
			isa = XCBuildConfiguration;
			buildSettings = {
				INFOPLIST_FILE = TeachBayUITests/Info.plist;
				LD_RUNPATH_SEARCH_PATHS = "$(inherited) @executable_path/Frameworks @loader_path/Frameworks";
				PRODUCT_BUNDLE_IDENTIFIER = com.kaseybaughan.TeachBayUITests;
				PRODUCT_NAME = "$(TARGET_NAME)";
				TEST_TARGET_NAME = TeachBay;
			};
			name = Debug;
		};
		0359E0F91D7649D200AE2862 /* Release */ = {
			isa = XCBuildConfiguration;
			buildSettings = {
				INFOPLIST_FILE = TeachBayUITests/Info.plist;
				LD_RUNPATH_SEARCH_PATHS = "$(inherited) @executable_path/Frameworks @loader_path/Frameworks";
				PRODUCT_BUNDLE_IDENTIFIER = com.kaseybaughan.TeachBayUITests;
				PRODUCT_NAME = "$(TARGET_NAME)";
				TEST_TARGET_NAME = TeachBay;
			};
			name = Release;
		};
/* End XCBuildConfiguration section */

/* Begin XCConfigurationList section */
		0359E0C41D7649D200AE2862 /* Build configuration list for PBXProject "TeachBay" */ = {
			isa = XCConfigurationList;
			buildConfigurations = (
				0359E0EF1D7649D200AE2862 /* Debug */,
				0359E0F01D7649D200AE2862 /* Release */,
			);
			defaultConfigurationIsVisible = 0;
			defaultConfigurationName = Release;
		};
		0359E0F11D7649D200AE2862 /* Build configuration list for PBXNativeTarget "TeachBay" */ = {
			isa = XCConfigurationList;
			buildConfigurations = (
				0359E0F21D7649D200AE2862 /* Debug */,
				0359E0F31D7649D200AE2862 /* Release */,
			);
			defaultConfigurationIsVisible = 0;
		};
		0359E0F41D7649D200AE2862 /* Build configuration list for PBXNativeTarget "TeachBayTests" */ = {
			isa = XCConfigurationList;
			buildConfigurations = (
				0359E0F51D7649D200AE2862 /* Debug */,
				0359E0F61D7649D200AE2862 /* Release */,
			);
			defaultConfigurationIsVisible = 0;
		};
		0359E0F71D7649D200AE2862 /* Build configuration list for PBXNativeTarget "TeachBayUITests" */ = {
			isa = XCConfigurationList;
			buildConfigurations = (
				0359E0F81D7649D200AE2862 /* Debug */,
				0359E0F91D7649D200AE2862 /* Release */,
			);
			defaultConfigurationIsVisible = 0;
		};
/* End XCConfigurationList section */
	};
	rootObject = 0359E0C11D7649D200AE2862 /* Project object */;
}
